
Microsoft Visual Studio Solution File, Format Version 12.00
# Visual Studio Version 17
VisualStudioVersion = 17.11.35219.272
MinimumVisualStudioVersion = 10.0.40219.1
Project("{FAE04EC0-301F-11D3-BF4B-00C04F79EFBC}") = "formLogin", "formLogin\formLogin.csproj", "{C9D281CB-9A24-42EC-AB32-F7D288A91691}"
EndProject
Global
	GlobalSection(SolutionConfigurationPlatforms) = preSolution
		Debug|Any CPU = Debug|Any CPU
		Release|Any CPU = Release|Any CPU
	EndGlobalSection
	GlobalSection(ProjectConfigurationPlatforms) = postSolution
		{C9D281CB-9A24-42EC-AB32-F7D288A91691}.Debug|Any CPU.ActiveCfg = Debug|Any CPU
		{C9D281CB-9A24-42EC-AB32-F7D288A91691}.Debug|Any CPU.Build.0 = Debug|Any CPU
		{C9D281CB-9A24-42EC-AB32-F7D288A91691}.Release|Any CPU.ActiveCfg = Release|Any CPU
		{C9D281CB-9A24-42EC-AB32-F7D288A91691}.Release|Any CPU.Build.0 = Release|Any CPU
	EndGlobalSection
	GlobalSection(SolutionProperties) = preSolution
		HideSolutionNode = FALSE
	EndGlobalSection
	GlobalSection(ExtensibilityGlobals) = postSolution
		SolutionGuid = {69998565-99C6-41AD-9952-B9B89B01F02D}
	EndGlobalSection
EndGlobal
